<?xml version="1.0" encoding="utf-8"?>
<Project ToolsVersion="4.0" xmlns="http://schemas.microsoft.com/developer/msbuild/2003">
  <ItemGroup>
    <Filter Include="Source Files">
      <UniqueIdentifier>{4FC737F1-C7A5-4376-A066-2A32D752A2FF}</UniqueIdentifier>
      <Extensions>cpp;c;cc;cxx;def;odl;idl;hpj;bat;asm;asmx</Extensions>
    </Filter>
    <Filter Include="Header Files">
      <UniqueIdentifier>{93995380-89BD-4b04-88EB-625FBE52EBFB}</UniqueIdentifier>
      <Extensions>h;hpp;hxx;hm;inl;inc;xsd</Extensions>
    </Filter>
    <Filter Include="Resource Files">
      <UniqueIdentifier>{67DA6AB6-F800-4c08-8B7A-83BB121AAD01}</UniqueIdentifier>
      <Extensions>rc;ico;cur;bmp;dlg;rc2;rct;bin;rgs;gif;jpg;jpeg;jpe;resx;tiff;tif;png;wav;mfcribbon-ms</Extensions>
    </Filter>
    <Filter Include="Header Files\Game">
      <UniqueIdentifier>{6ff95317-e505-4a81-817f-62b2822fec6a}</UniqueIdentifier>
    </Filter>
    <Filter Include="Header Files\Rendering">
      <UniqueIdentifier>{1235da56-bea6-42ab-b896-07239303ac64}</UniqueIdentifier>
    </Filter>
    <Filter Include="Header Files\Utility">
      <UniqueIdentifier>{28eae620-c4ad-4091-91af-b60beed3191f}</UniqueIdentifier>
    </Filter>
    <Filter Include="Header Files\Voxel">
      <UniqueIdentifier>{360972f9-419c-4182-92b2-8ff0e6ff364d}</UniqueIdentifier>
    </Filter>
    <Filter Include="Source Files\Game">
      <UniqueIdentifier>{ce525bc1-704d-48cb-b45a-142274c1b75c}</UniqueIdentifier>
    </Filter>
    <Filter Include="Source Files\Utility">
      <UniqueIdentifier>{27172455-534b-4ac9-9146-cccdda1e22d8}</UniqueIdentifier>
    </Filter>
    <Filter Include="Source Files\Rendering">
      <UniqueIdentifier>{1d546857-9f36-4a43-a760-f4caf32a36a2}</UniqueIdentifier>
    </Filter>
    <Filter Include="Source Files\Voxel">
      <UniqueIdentifier>{cd684dbf-5d58-4d77-aaa4-c3161e6e8a98}</UniqueIdentifier>
    </Filter>
  </ItemGroup>
  <ItemGroup>
    <Text Include="ReadMe.txt" />
    <Text Include="ChangeLog.txt" />
  </ItemGroup>
  <ItemGroup>
    <ClInclude Include="targetver.h">
      <Filter>Header Files\Utility</Filter>
    </ClInclude>
    <ClInclude Include="stdafx.h">
      <Filter>Header Files\Utility</Filter>
    </ClInclude>
    <ClInclude Include="Src\Game\Game.h">
      <Filter>Header Files</Filter>
    </ClInclude>
    <ClInclude Include="Src\Game\Core\Tier1\Graphics\Graphics.h">
      <Filter>Header Files</Filter>
    </ClInclude>
    <ClInclude Include="Src\Game\Core\Tier1\Input\Input.h">
      <Filter>Header Files</Filter>
    </ClInclude>
    <ClInclude Include="Src\Game\Core\Globals.h">
      <Filter>Header Files</Filter>
    </ClInclude>
    <ClInclude Include="Src\Game\Core\Tier2\UI\UI.h">
      <Filter>Header Files</Filter>
    </ClInclude>
    <ClInclude Include="Src\Game\Core\Tier1.h">
      <Filter>Header Files</Filter>
    </ClInclude>
    <ClInclude Include="Src\Game\Core\Tier2.h">
      <Filter>Header Files</Filter>
    </ClInclude>
    <ClInclude Include="Src\Game\Core\Tier1\Log\Log.h">
      <Filter>Header Files</Filter>
    </ClInclude>
    <ClInclude Include="Src\Game\Game\UI\Menu.h">
      <Filter>Header Files</Filter>
    </ClInclude>
    <ClInclude Include="Src\Game\Core\Tier1\Audio\Audio.h">
      <Filter>Header Files</Filter>
    </ClInclude>
    <ClInclude Include="Src\Game\Core\Tier3.h">
      <Filter>Header Files</Filter>
    </ClInclude>
    <ClInclude Include="Src\Game\Core\Core.h">
      <Filter>Header Files</Filter>
    </ClInclude>
    <ClInclude Include="Src\Game\Core\Tier1\Entity\Entity.h">
      <Filter>Header Files</Filter>
    </ClInclude>
    <ClInclude Include="Src\Game\Core\Tier3\Scene\Scene.h">
      <Filter>Header Files</Filter>
    </ClInclude>
    <ClInclude Include="Src\Game\Core\Tier1\Physics\Physics.h">
      <Filter>Header Files</Filter>
    </ClInclude>
    <ClInclude Include="Src\Game\Core\Tier2\PEntity\PEntity.h">
      <Filter>Header Files</Filter>
    </ClInclude>
    <ClInclude Include="Src\Game\Core\Tier3\Command\Command.h">
      <Filter>Header Files</Filter>
    </ClInclude>
  </ItemGroup>
  <ItemGroup>
    <ClCompile Include="stdafx.cpp">
      <Filter>Source Files\Utility</Filter>
    </ClCompile>
    <ClCompile Include="Src\Voxilian.cpp">
      <Filter>Source Files</Filter>
    </ClCompile>
    <ClCompile Include="Src\Game\Game.cpp">
      <Filter>Source Files</Filter>
    </ClCompile>
    <ClCompile Include="Src\Game\Core\Tier1\Graphics\Graphics.cpp">
      <Filter>Source Files</Filter>
    </ClCompile>
    <ClCompile Include="Src\Game\Core\Tier1\Input\Input.cpp">
      <Filter>Source Files</Filter>
    </ClCompile>
    <ClCompile Include="Src\Game\Core\Tier2\UI\UI.cpp">
      <Filter>Source Files</Filter>
    </ClCompile>
    <ClCompile Include="Src\Game\Core\Tier1\Log\Log.cpp">
      <Filter>Source Files</Filter>
    </ClCompile>
    <ClCompile Include="Src\Game\Game\UI\Menu.cpp">
      <Filter>Source Files</Filter>
    </ClCompile>
    <ClCompile Include="Src\Game\Core\Tier1\Audio\Audio.cpp">
      <Filter>Source Files</Filter>
    </ClCompile>
    <ClCompile Include="Src\Game\Core\Tier1\Entity\Entity.cpp">
      <Filter>Source Files</Filter>
    </ClCompile>
    <ClCompile Include="Src\Game\Core\Tier3\Scene\Scene.cpp">
      <Filter>Source Files</Filter>
    </ClCompile>
    <ClCompile Include="Src\Game\Core\Tier1\Physics\Physics.cpp">
      <Filter>Source Files</Filter>
    </ClCompile>
    <ClCompile Include="Src\Game\Core\Tier2\PEntity\PEntity.cpp">
      <Filter>Source Files</Filter>
    </ClCompile>
    <ClCompile Include="Src\Game\Core\Tier3\Command\Command.cpp">
      <Filter>Source Files</Filter>
    </ClCompile>
  </ItemGroup>
</Project>